
Microsoft Visual Studio Solution File, Format Version 12.00
# Visual Studio 2017
Project("{FAE04EC0-301F-11D3-BF4B-00C04F79EFBC}") = "Aula Unity 2D", "Aula Unity 2D.csproj", "{2977E90D-438F-CCDD-1C78-C33C650E1ADA}"
EndProject
Global
	GlobalSection(SolutionConfigurationPlatforms) = preSolution
		Debug|Any CPU = Debug|Any CPU
		Release|Any CPU = Release|Any CPU
	EndGlobalSection
	GlobalSection(ProjectConfigurationPlatforms) = postSolution
		{2977E90D-438F-CCDD-1C78-C33C650E1ADA}.Debug|Any CPU.ActiveCfg = Debug|Any CPU
		{2977E90D-438F-CCDD-1C78-C33C650E1ADA}.Debug|Any CPU.Build.0 = Debug|Any CPU
		{2977E90D-438F-CCDD-1C78-C33C650E1ADA}.Release|Any CPU.ActiveCfg = Release|Any CPU
		{2977E90D-438F-CCDD-1C78-C33C650E1ADA}.Release|Any CPU.Build.0 = Release|Any CPU
	EndGlobalSection
	GlobalSection(SolutionProperties) = preSolution
		HideSolutionNode = FALSE
	EndGlobalSection
EndGlobal
